
Microsoft Visual Studio Solution File, Format Version 12.00
Project("{FAE04EC0-301F-11D3-BF4B-00C04F79EFBC}") = "TurboCollections", "TurboCollections\TurboCollections.csproj", "{0119D27B-8820-4D24-85E0-F139F680BFC3}"
EndProject
Project("{FAE04EC0-301F-11D3-BF4B-00C04F79EFBC}") = "CustomerManagement", "CustomerManagement\CustomerManagement.csproj", "{1BAD4A7E-BDF7-461C-A767-C31E181A0B46}"
EndProject
Project("{FAE04EC0-301F-11D3-BF4B-00C04F79EFBC}") = "TurboCollections.Test", "TurboCollections.Test\TurboCollections.Test.csproj", "{6BB5C4F6-4413-423D-B6AE-47C3453F69C1}"
EndProject
Global
	GlobalSection(SolutionConfigurationPlatforms) = preSolution
		Debug|Any CPU = Debug|Any CPU
		Release|Any CPU = Release|Any CPU
	EndGlobalSection
	GlobalSection(ProjectConfigurationPlatforms) = postSolution
		{0119D27B-8820-4D24-85E0-F139F680BFC3}.Debug|Any CPU.ActiveCfg = Debug|Any CPU
		{0119D27B-8820-4D24-85E0-F139F680BFC3}.Debug|Any CPU.Build.0 = Debug|Any CPU
		{0119D27B-8820-4D24-85E0-F139F680BFC3}.Release|Any CPU.ActiveCfg = Release|Any CPU
		{0119D27B-8820-4D24-85E0-F139F680BFC3}.Release|Any CPU.Build.0 = Release|Any CPU
		{1BAD4A7E-BDF7-461C-A767-C31E181A0B46}.Debug|Any CPU.ActiveCfg = Debug|Any CPU
		{1BAD4A7E-BDF7-461C-A767-C31E181A0B46}.Debug|Any CPU.Build.0 = Debug|Any CPU
		{1BAD4A7E-BDF7-461C-A767-C31E181A0B46}.Release|Any CPU.ActiveCfg = Release|Any CPU
		{1BAD4A7E-BDF7-461C-A767-C31E181A0B46}.Release|Any CPU.Build.0 = Release|Any CPU
		{6BB5C4F6-4413-423D-B6AE-47C3453F69C1}.Debug|Any CPU.ActiveCfg = Debug|Any CPU
		{6BB5C4F6-4413-423D-B6AE-47C3453F69C1}.Debug|Any CPU.Build.0 = Debug|Any CPU
		{6BB5C4F6-4413-423D-B6AE-47C3453F69C1}.Release|Any CPU.ActiveCfg = Release|Any CPU
		{6BB5C4F6-4413-423D-B6AE-47C3453F69C1}.Release|Any CPU.Build.0 = Release|Any CPU
	EndGlobalSection
EndGlobal
